
Microsoft Visual Studio Solution File, Format Version 12.00
# Visual Studio Version 16
VisualStudioVersion = 16.0.30804.86
MinimumVisualStudioVersion = 10.0.40219.1
Project("{FAE04EC0-301F-11D3-BF4B-00C04F79EFBC}") = "Rocky", "Rocky\Rocky.csproj", "{8EC278EC-F962-4048-81E4-171EFDDA233A}"
EndProject
Global
	GlobalSection(SolutionConfigurationPlatforms) = preSolution
		Debug|Any CPU = Debug|Any CPU
		Release|Any CPU = Release|Any CPU
	EndGlobalSection
	GlobalSection(ProjectConfigurationPlatforms) = postSolution
		{8EC278EC-F962-4048-81E4-171EFDDA233A}.Debug|Any CPU.ActiveCfg = Debug|Any CPU
		{8EC278EC-F962-4048-81E4-171EFDDA233A}.Debug|Any CPU.Build.0 = Debug|Any CPU
		{8EC278EC-F962-4048-81E4-171EFDDA233A}.Release|Any CPU.ActiveCfg = Release|Any CPU
		{8EC278EC-F962-4048-81E4-171EFDDA233A}.Release|Any CPU.Build.0 = Release|Any CPU
	EndGlobalSection
	GlobalSection(SolutionProperties) = preSolution
		HideSolutionNode = FALSE
	EndGlobalSection
	GlobalSection(ExtensibilityGlobals) = postSolution
		SolutionGuid = {3E4452E1-49DA-4C64-B4FA-FCF9547D1509}
	EndGlobalSection
EndGlobal
